// !$*UTF8*$!
{
	archiveVersion = 1;
	classes = {
	};
	objectVersion = 55;
	objects = {

/* Begin PBXBuildFile section */
		66601B1927EEF74700C5796F /* NavigationRouter.swift in Sources */ = {isa = PBXBuildFile; fileRef = 66601B1827EEF74700C5796F /* NavigationRouter.swift */; };
		66601B1B27EF22ED00C5796F /* UIViewController.swift in Sources */ = {isa = PBXBuildFile; fileRef = 66601B1A27EF22ED00C5796F /* UIViewController.swift */; };
		66629E2E279DDC4B00A180AD /* AppDelegate.swift in Sources */ = {isa = PBXBuildFile; fileRef = 66629E2D279DDC4B00A180AD /* AppDelegate.swift */; };
		66629E30279DDC4B00A180AD /* SceneDelegate.swift in Sources */ = {isa = PBXBuildFile; fileRef = 66629E2F279DDC4B00A180AD /* SceneDelegate.swift */; };
		66629E37279DDC4D00A180AD /* Assets.xcassets in Resources */ = {isa = PBXBuildFile; fileRef = 66629E36279DDC4D00A180AD /* Assets.xcassets */; };
		66629E3A279DDC4D00A180AD /* LaunchScreen.storyboard in Resources */ = {isa = PBXBuildFile; fileRef = 66629E38279DDC4D00A180AD /* LaunchScreen.storyboard */; };
		66629E42279DDDCF00A180AD /* WelcomeView.storyboard in Resources */ = {isa = PBXBuildFile; fileRef = 66629E41279DDDCF00A180AD /* WelcomeView.storyboard */; };
		66629E44279DDE1100A180AD /* WelcomeController.swift in Sources */ = {isa = PBXBuildFile; fileRef = 66629E43279DDE1100A180AD /* WelcomeController.swift */; };
		669C15F827D92D4C0040D106 /* Question.swift in Sources */ = {isa = PBXBuildFile; fileRef = 669C15F727D92D4C0040D106 /* Question.swift */; };
		669C15FA27D92E9E0040D106 /* ResponseType.swift in Sources */ = {isa = PBXBuildFile; fileRef = 669C15F927D92E9E0040D106 /* ResponseType.swift */; };
		669C15FC27D92FB90040D106 /* Answer.swift in Sources */ = {isa = PBXBuildFile; fileRef = 669C15FB27D92FB90040D106 /* Answer.swift */; };
		669C15FE27D930120040D106 /* AnimalType.swift in Sources */ = {isa = PBXBuildFile; fileRef = 669C15FD27D930120040D106 /* AnimalType.swift */; };
		669D182627A4790300A520C9 /* QuestionView.storyboard in Resources */ = {isa = PBXBuildFile; fileRef = 669D182527A4790300A520C9 /* QuestionView.storyboard */; };
		669D182827A4792100A520C9 /* QuestionController.swift in Sources */ = {isa = PBXBuildFile; fileRef = 669D182727A4792100A520C9 /* QuestionController.swift */; };
		66E52AE227BD524F009DECB6 /* AnswerView.storyboard in Resources */ = {isa = PBXBuildFile; fileRef = 66E52AE127BD524F009DECB6 /* AnswerView.storyboard */; };
		66E52AE427BD5268009DECB6 /* AnswerController.swift in Sources */ = {isa = PBXBuildFile; fileRef = 66E52AE327BD5268009DECB6 /* AnswerController.swift */; };
/* End PBXBuildFile section */

/* Begin PBXFileReference section */
		66601B1827EEF74700C5796F /* NavigationRouter.swift */ = {isa = PBXFileReference; lastKnownFileType = sourcecode.swift; path = NavigationRouter.swift; sourceTree = "<group>"; };
		66601B1A27EF22ED00C5796F /* UIViewController.swift */ = {isa = PBXFileReference; lastKnownFileType = sourcecode.swift; path = UIViewController.swift; sourceTree = "<group>"; };
		66629E2A279DDC4B00A180AD /* PersonalityQuiz.app */ = {isa = PBXFileReference; explicitFileType = wrapper.application; includeInIndex = 0; path = PersonalityQuiz.app; sourceTree = BUILT_PRODUCTS_DIR; };
		66629E2D279DDC4B00A180AD /* AppDelegate.swift */ = {isa = PBXFileReference; lastKnownFileType = sourcecode.swift; path = AppDelegate.swift; sourceTree = "<group>"; };
		66629E2F279DDC4B00A180AD /* SceneDelegate.swift */ = {isa = PBXFileReference; lastKnownFileType = sourcecode.swift; path = SceneDelegate.swift; sourceTree = "<group>"; };
		66629E36279DDC4D00A180AD /* Assets.xcassets */ = {isa = PBXFileReference; lastKnownFileType = folder.assetcatalog; path = Assets.xcassets; sourceTree = "<group>"; };
		66629E39279DDC4D00A180AD /* Base */ = {isa = PBXFileReference; lastKnownFileType = file.storyboard; name = Base; path = Base.lproj/LaunchScreen.storyboard; sourceTree = "<group>"; };
		66629E3B279DDC4D00A180AD /* Info.plist */ = {isa = PBXFileReference; lastKnownFileType = text.plist.xml; path = Info.plist; sourceTree = "<group>"; };
		66629E41279DDDCF00A180AD /* WelcomeView.storyboard */ = {isa = PBXFileReference; lastKnownFileType = file.storyboard; path = WelcomeView.storyboard; sourceTree = "<group>"; };
		66629E43279DDE1100A180AD /* WelcomeController.swift */ = {isa = PBXFileReference; lastKnownFileType = sourcecode.swift; path = WelcomeController.swift; sourceTree = "<group>"; };
		669C15F727D92D4C0040D106 /* Question.swift */ = {isa = PBXFileReference; lastKnownFileType = sourcecode.swift; path = Question.swift; sourceTree = "<group>"; };
		669C15F927D92E9E0040D106 /* ResponseType.swift */ = {isa = PBXFileReference; lastKnownFileType = sourcecode.swift; path = ResponseType.swift; sourceTree = "<group>"; };
		669C15FB27D92FB90040D106 /* Answer.swift */ = {isa = PBXFileReference; lastKnownFileType = sourcecode.swift; path = Answer.swift; sourceTree = "<group>"; };
		669C15FD27D930120040D106 /* AnimalType.swift */ = {isa = PBXFileReference; lastKnownFileType = sourcecode.swift; path = AnimalType.swift; sourceTree = "<group>"; };
		669D182527A4790300A520C9 /* QuestionView.storyboard */ = {isa = PBXFileReference; lastKnownFileType = file.storyboard; path = QuestionView.storyboard; sourceTree = "<group>"; };
		669D182727A4792100A520C9 /* QuestionController.swift */ = {isa = PBXFileReference; lastKnownFileType = sourcecode.swift; path = QuestionController.swift; sourceTree = "<group>"; };
		66E52AE127BD524F009DECB6 /* AnswerView.storyboard */ = {isa = PBXFileReference; lastKnownFileType = file.storyboard; path = AnswerView.storyboard; sourceTree = "<group>"; };
		66E52AE327BD5268009DECB6 /* AnswerController.swift */ = {isa = PBXFileReference; lastKnownFileType = sourcecode.swift; path = AnswerController.swift; sourceTree = "<group>"; };
/* End PBXFileReference section */

/* Begin PBXFrameworksBuildPhase section */
		66629E27279DDC4B00A180AD /* Frameworks */ = {
			isa = PBXFrameworksBuildPhase;
			buildActionMask = 2147483647;
			files = (
			);
			runOnlyForDeploymentPostprocessing = 0;
		};
/* End PBXFrameworksBuildPhase section */

/* Begin PBXGroup section */
		66629E21279DDC4B00A180AD = {
			isa = PBXGroup;
			children = (
				66629E2C279DDC4B00A180AD /* PersonalityQuiz */,
				66629E2B279DDC4B00A180AD /* Products */,
			);
			sourceTree = "<group>";
		};
		66629E2B279DDC4B00A180AD /* Products */ = {
			isa = PBXGroup;
			children = (
				66629E2A279DDC4B00A180AD /* PersonalityQuiz.app */,
			);
			name = Products;
			sourceTree = "<group>";
		};
		66629E2C279DDC4B00A180AD /* PersonalityQuiz */ = {
			isa = PBXGroup;
			children = (
				66629E45279DDF8E00A180AD /* Screens */,
				669C15F627D92D340040D106 /* Models */,
				66629E46279DDFA100A180AD /* Utilities */,
			);
			path = PersonalityQuiz;
			sourceTree = "<group>";
		};
		66629E45279DDF8E00A180AD /* Screens */ = {
			isa = PBXGroup;
			children = (
				66629E47279DDFF200A180AD /* Launch */,
				66629E48279DDFFF00A180AD /* Welcome */,
				669D182427A478E800A520C9 /* Question */,
				66E52AE027BD5232009DECB6 /* Answer */,
			);
			path = Screens;
			sourceTree = "<group>";
		};
		66629E46279DDFA100A180AD /* Utilities */ = {
			isa = PBXGroup;
			children = (
				66629E2D279DDC4B00A180AD /* AppDelegate.swift */,
				66629E2F279DDC4B00A180AD /* SceneDelegate.swift */,
				66601B1827EEF74700C5796F /* NavigationRouter.swift */,
				66601B1A27EF22ED00C5796F /* UIViewController.swift */,
				66629E36279DDC4D00A180AD /* Assets.xcassets */,
				66629E3B279DDC4D00A180AD /* Info.plist */,
			);
			path = Utilities;
			sourceTree = "<group>";
		};
		66629E47279DDFF200A180AD /* Launch */ = {
			isa = PBXGroup;
			children = (
				66629E38279DDC4D00A180AD /* LaunchScreen.storyboard */,
			);
			path = Launch;
			sourceTree = "<group>";
		};
		66629E48279DDFFF00A180AD /* Welcome */ = {
			isa = PBXGroup;
			children = (
				66629E41279DDDCF00A180AD /* WelcomeView.storyboard */,
				66629E43279DDE1100A180AD /* WelcomeController.swift */,
			);
			path = Welcome;
			sourceTree = "<group>";
		};
		669C15F627D92D340040D106 /* Models */ = {
			isa = PBXGroup;
			children = (
				669C15FD27D930120040D106 /* AnimalType.swift */,
				669C15FB27D92FB90040D106 /* Answer.swift */,
				669C15F727D92D4C0040D106 /* Question.swift */,
				669C15F927D92E9E0040D106 /* ResponseType.swift */,
			);
			path = Models;
			sourceTree = "<group>";
		};
		669D182427A478E800A520C9 /* Question */ = {
			isa = PBXGroup;
			children = (
				669D182527A4790300A520C9 /* QuestionView.storyboard */,
				669D182727A4792100A520C9 /* QuestionController.swift */,
			);
			path = Question;
			sourceTree = "<group>";
		};
		66E52AE027BD5232009DECB6 /* Answer */ = {
			isa = PBXGroup;
			children = (
				66E52AE127BD524F009DECB6 /* AnswerView.storyboard */,
				66E52AE327BD5268009DECB6 /* AnswerController.swift */,
			);
			path = Answer;
			sourceTree = "<group>";
		};
/* End PBXGroup section */

/* Begin PBXNativeTarget section */
		66629E29279DDC4B00A180AD /* PersonalityQuiz */ = {
			isa = PBXNativeTarget;
			buildConfigurationList = 66629E3E279DDC4D00A180AD /* Build configuration list for PBXNativeTarget "PersonalityQuiz" */;
			buildPhases = (
				66629E26279DDC4B00A180AD /* Sources */,
				66629E27279DDC4B00A180AD /* Frameworks */,
				66629E28279DDC4B00A180AD /* Resources */,
			);
			buildRules = (
			);
			dependencies = (
			);
			name = PersonalityQuiz;
			productName = PersonalityQuiz;
			productReference = 66629E2A279DDC4B00A180AD /* PersonalityQuiz.app */;
			productType = "com.apple.product-type.application";
		};
/* End PBXNativeTarget section */

/* Begin PBXProject section */
		66629E22279DDC4B00A180AD /* Project object */ = {
			isa = PBXProject;
			attributes = {
				BuildIndependentTargetsInParallel = 1;
				LastSwiftUpdateCheck = 1320;
				LastUpgradeCheck = 1320;
				ORGANIZATIONNAME = slemeshaev;
				TargetAttributes = {
					66629E29279DDC4B00A180AD = {
						CreatedOnToolsVersion = 13.2.1;
					};
				};
			};
			buildConfigurationList = 66629E25279DDC4B00A180AD /* Build configuration list for PBXProject "PersonalityQuiz" */;
			compatibilityVersion = "Xcode 13.0";
			developmentRegion = en;
			hasScannedForEncodings = 0;
			knownRegions = (
				en,
				Base,
			);
			mainGroup = 66629E21279DDC4B00A180AD;
			productRefGroup = 66629E2B279DDC4B00A180AD /* Products */;
			projectDirPath = "";
			projectRoot = "";
			targets = (
				66629E29279DDC4B00A180AD /* PersonalityQuiz */,
			);
		};
/* End PBXProject section */

/* Begin PBXResourcesBuildPhase section */
		66629E28279DDC4B00A180AD /* Resources */ = {
			isa = PBXResourcesBuildPhase;
			buildActionMask = 2147483647;
			files = (
				66629E3A279DDC4D00A180AD /* LaunchScreen.storyboard in Resources */,
				669D182627A4790300A520C9 /* QuestionView.storyboard in Resources */,
				66E52AE227BD524F009DECB6 /* AnswerView.storyboard in Resources */,
				66629E37279DDC4D00A180AD /* Assets.xcassets in Resources */,
				66629E42279DDDCF00A180AD /* WelcomeView.storyboard in Resources */,
			);
			runOnlyForDeploymentPostprocessing = 0;
		};
/* End PBXResourcesBuildPhase section */

/* Begin PBXSourcesBuildPhase section */
		66629E26279DDC4B00A180AD /* Sources */ = {
			isa = PBXSourcesBuildPhase;
			buildActionMask = 2147483647;
			files = (
				66629E44279DDE1100A180AD /* WelcomeController.swift in Sources */,
				66629E2E279DDC4B00A180AD /* AppDelegate.swift in Sources */,
				66629E30279DDC4B00A180AD /* SceneDelegate.swift in Sources */,
				66601B1B27EF22ED00C5796F /* UIViewController.swift in Sources */,
				669C15F827D92D4C0040D106 /* Question.swift in Sources */,
				669D182827A4792100A520C9 /* QuestionController.swift in Sources */,
				66E52AE427BD5268009DECB6 /* AnswerController.swift in Sources */,
				669C15FA27D92E9E0040D106 /* ResponseType.swift in Sources */,
				669C15FC27D92FB90040D106 /* Answer.swift in Sources */,
				66601B1927EEF74700C5796F /* NavigationRouter.swift in Sources */,
				669C15FE27D930120040D106 /* AnimalType.swift in Sources */,
			);
			runOnlyForDeploymentPostprocessing = 0;
		};
/* End PBXSourcesBuildPhase section */

/* Begin PBXVariantGroup section */
		66629E38279DDC4D00A180AD /* LaunchScreen.storyboard */ = {
			isa = PBXVariantGroup;
			children = (
				66629E39279DDC4D00A180AD /* Base */,
			);
			name = LaunchScreen.storyboard;
			sourceTree = "<group>";
		};
/* End PBXVariantGroup section */

/* Begin XCBuildConfiguration section */
		66629E3C279DDC4D00A180AD /* Debug */ = {
			isa = XCBuildConfiguration;
			buildSettings = {
				ALWAYS_SEARCH_USER_PATHS = NO;
				CLANG_ANALYZER_NONNULL = YES;
				CLANG_ANALYZER_NUMBER_OBJECT_CONVERSION = YES_AGGRESSIVE;
				CLANG_CXX_LANGUAGE_STANDARD = "gnu++17";
				CLANG_CXX_LIBRARY = "libc++";
				CLANG_ENABLE_MODULES = YES;
				CLANG_ENABLE_OBJC_ARC = YES;
				CLANG_ENABLE_OBJC_WEAK = YES;
				CLANG_WARN_BLOCK_CAPTURE_AUTORELEASING = YES;
				CLANG_WARN_BOOL_CONVERSION = YES;
				CLANG_WARN_COMMA = YES;
				CLANG_WARN_CONSTANT_CONVERSION = YES;
				CLANG_WARN_DEPRECATED_OBJC_IMPLEMENTATIONS = YES;
				CLANG_WARN_DIRECT_OBJC_ISA_USAGE = YES_ERROR;
				CLANG_WARN_DOCUMENTATION_COMMENTS = YES;
				CLANG_WARN_EMPTY_BODY = YES;
				CLANG_WARN_ENUM_CONVERSION = YES;
				CLANG_WARN_INFINITE_RECURSION = YES;
				CLANG_WARN_INT_CONVERSION = YES;
				CLANG_WARN_NON_LITERAL_NULL_CONVERSION = YES;
				CLANG_WARN_OBJC_IMPLICIT_RETAIN_SELF = YES;
				CLANG_WARN_OBJC_LITERAL_CONVERSION = YES;
				CLANG_WARN_OBJC_ROOT_CLASS = YES_ERROR;
				CLANG_WARN_QUOTED_INCLUDE_IN_FRAMEWORK_HEADER = YES;
				CLANG_WARN_RANGE_LOOP_ANALYSIS = YES;
				CLANG_WARN_STRICT_PROTOTYPES = YES;
				CLANG_WARN_SUSPICIOUS_MOVE = YES;
				CLANG_WARN_UNGUARDED_AVAILABILITY = YES_AGGRESSIVE;
				CLANG_WARN_UNREACHABLE_CODE = YES;
				CLANG_WARN__DUPLICATE_METHOD_MATCH = YES;
				COPY_PHASE_STRIP = NO;
				DEBUG_INFORMATION_FORMAT = dwarf;
				ENABLE_STRICT_OBJC_MSGSEND = YES;
				ENABLE_TESTABILITY = YES;
				GCC_C_LANGUAGE_STANDARD = gnu11;
				GCC_DYNAMIC_NO_PIC = NO;
				GCC_NO_COMMON_BLOCKS = YES;
				GCC_OPTIMIZATION_LEVEL = 0;
				GCC_PREPROCESSOR_DEFINITIONS = (
					"DEBUG=1",
					"$(inherited)",
				);
				GCC_WARN_64_TO_32_BIT_CONVERSION = YES;
				GCC_WARN_ABOUT_RETURN_TYPE = YES_ERROR;
				GCC_WARN_UNDECLARED_SELECTOR = YES;
				GCC_WARN_UNINITIALIZED_AUTOS = YES_AGGRESSIVE;
				GCC_WARN_UNUSED_FUNCTION = YES;
				GCC_WARN_UNUSED_VARIABLE = YES;
				IPHONEOS_DEPLOYMENT_TARGET = 15.2;
				MTL_ENABLE_DEBUG_INFO = INCLUDE_SOURCE;
				MTL_FAST_MATH = YES;
				ONLY_ACTIVE_ARCH = YES;
				SDKROOT = iphoneos;
				SWIFT_ACTIVE_COMPILATION_CONDITIONS = DEBUG;
				SWIFT_OPTIMIZATION_LEVEL = "-Onone";
			};
			name = Debug;
		};
		66629E3D279DDC4D00A180AD /* Release */ = {
			isa = XCBuildConfiguration;
			buildSettings = {
				ALWAYS_SEARCH_USER_PATHS = NO;
				CLANG_ANALYZER_NONNULL = YES;
				CLANG_ANALYZER_NUMBER_OBJECT_CONVERSION = YES_AGGRESSIVE;
				CLANG_CXX_LANGUAGE_STANDARD = "gnu++17";
				CLANG_CXX_LIBRARY = "libc++";
				CLANG_ENABLE_MODULES = YES;
				CLANG_ENABLE_OBJC_ARC = YES;
				CLANG_ENABLE_OBJC_WEAK = YES;
				CLANG_WARN_BLOCK_CAPTURE_AUTORELEASING = YES;
				CLANG_WARN_BOOL_CONVERSION = YES;
				CLANG_WARN_COMMA = YES;
				CLANG_WARN_CONSTANT_CONVERSION = YES;
				CLANG_WARN_DEPRECATED_OBJC_IMPLEMENTATIONS = YES;
				CLANG_WARN_DIRECT_OBJC_ISA_USAGE = YES_ERROR;
				CLANG_WARN_DOCUMENTATION_COMMENTS = YES;
				CLANG_WARN_EMPTY_BODY = YES;
				CLANG_WARN_ENUM_CONVERSION = YES;
				CLANG_WARN_INFINITE_RECURSION = YES;
				CLANG_WARN_INT_CONVERSION = YES;
				CLANG_WARN_NON_LITERAL_NULL_CONVERSION = YES;
				CLANG_WARN_OBJC_IMPLICIT_RETAIN_SELF = YES;
				CLANG_WARN_OBJC_LITERAL_CONVERSION = YES;
				CLANG_WARN_OBJC_ROOT_CLASS = YES_ERROR;
				CLANG_WARN_QUOTED_INCLUDE_IN_FRAMEWORK_HEADER = YES;
				CLANG_WARN_RANGE_LOOP_ANALYSIS = YES;
				CLANG_WARN_STRICT_PROTOTYPES = YES;
				CLANG_WARN_SUSPICIOUS_MOVE = YES;
				CLANG_WARN_UNGUARDED_AVAILABILITY = YES_AGGRESSIVE;
				CLANG_WARN_UNREACHABLE_CODE = YES;
				CLANG_WARN__DUPLICATE_METHOD_MATCH = YES;
				COPY_PHASE_STRIP = NO;
				DEBUG_INFORMATION_FORMAT = "dwarf-with-dsym";
				ENABLE_NS_ASSERTIONS = NO;
				ENABLE_STRICT_OBJC_MSGSEND = YES;
				GCC_C_LANGUAGE_STANDARD = gnu11;
				GCC_NO_COMMON_BLOCKS = YES;
				GCC_WARN_64_TO_32_BIT_CONVERSION = YES;
				GCC_WARN_ABOUT_RETURN_TYPE = YES_ERROR;
				GCC_WARN_UNDECLARED_SELECTOR = YES;
				GCC_WARN_UNINITIALIZED_AUTOS = YES_AGGRESSIVE;
				GCC_WARN_UNUSED_FUNCTION = YES;
				GCC_WARN_UNUSED_VARIABLE = YES;
				IPHONEOS_DEPLOYMENT_TARGET = 15.2;
				MTL_ENABLE_DEBUG_INFO = NO;
				MTL_FAST_MATH = YES;
				SDKROOT = iphoneos;
				SWIFT_COMPILATION_MODE = wholemodule;
				SWIFT_OPTIMIZATION_LEVEL = "-O";
				VALIDATE_PRODUCT = YES;
			};
			name = Release;
		};
		66629E3F279DDC4D00A180AD /* Debug */ = {
			isa = XCBuildConfiguration;
			buildSettings = {
				ASSETCATALOG_COMPILER_APPICON_NAME = AppIcon;
				ASSETCATALOG_COMPILER_GLOBAL_ACCENT_COLOR_NAME = AccentColor;
				CODE_SIGN_STYLE = Automatic;
				CURRENT_PROJECT_VERSION = 1;
				DEVELOPMENT_TEAM = 5GWB2H668N;
				GENERATE_INFOPLIST_FILE = YES;
				INFOPLIST_FILE = PersonalityQuiz/Utilities/Info.plist;
				INFOPLIST_KEY_CFBundleDisplayName = "Personality Quiz";
				INFOPLIST_KEY_UIApplicationSupportsIndirectInputEvents = YES;
				INFOPLIST_KEY_UILaunchStoryboardName = LaunchScreen;
				INFOPLIST_KEY_UIMainStoryboardFile = WelcomeView;
				INFOPLIST_KEY_UISupportedInterfaceOrientations_iPad = "UIInterfaceOrientationPortrait UIInterfaceOrientationPortraitUpsideDown UIInterfaceOrientationLandscapeLeft UIInterfaceOrientationLandscapeRight";
				INFOPLIST_KEY_UISupportedInterfaceOrientations_iPhone = "UIInterfaceOrientationPortrait UIInterfaceOrientationLandscapeLeft UIInterfaceOrientationLandscapeRight";
				IPHONEOS_DEPLOYMENT_TARGET = 15.0;
				LD_RUNPATH_SEARCH_PATHS = (
					"$(inherited)",
					"@executable_path/Frameworks",
				);
				MARKETING_VERSION = 1.0;
				PRODUCT_BUNDLE_IDENTIFIER = com.slemeshaev.PersonalityQuiz;
				PRODUCT_NAME = "$(TARGET_NAME)";
				SWIFT_EMIT_LOC_STRINGS = YES;
				SWIFT_VERSION = 5.0;
				TARGETED_DEVICE_FAMILY = 1;
			};
			name = Debug;
		};
		66629E40279DDC4D00A180AD /* Release */ = {
			isa = XCBuildConfiguration;
			buildSettings = {
				ASSETCATALOG_COMPILER_APPICON_NAME = AppIcon;
				ASSETCATALOG_COMPILER_GLOBAL_ACCENT_COLOR_NAME = AccentColor;
				CODE_SIGN_STYLE = Automatic;
				CURRENT_PROJECT_VERSION = 1;
				DEVELOPMENT_TEAM = 5GWB2H668N;
				GENERATE_INFOPLIST_FILE = YES;
				INFOPLIST_FILE = PersonalityQuiz/Utilities/Info.plist;
				INFOPLIST_KEY_CFBundleDisplayName = "Personality Quiz";
				INFOPLIST_KEY_UIApplicationSupportsIndirectInputEvents = YES;
				INFOPLIST_KEY_UILaunchStoryboardName = LaunchScreen;
				INFOPLIST_KEY_UIMainStoryboardFile = WelcomeView;
				INFOPLIST_KEY_UISupportedInterfaceOrientations_iPad = "UIInterfaceOrientationPortrait UIInterfaceOrientationPortraitUpsideDown UIInterfaceOrientationLandscapeLeft UIInterfaceOrientationLandscapeRight";
				INFOPLIST_KEY_UISupportedInterfaceOrientations_iPhone = "UIInterfaceOrientationPortrait UIInterfaceOrientationLandscapeLeft UIInterfaceOrientationLandscapeRight";
				IPHONEOS_DEPLOYMENT_TARGET = 15.0;
				LD_RUNPATH_SEARCH_PATHS = (
					"$(inherited)",
					"@executable_path/Frameworks",
				);
				MARKETING_VERSION = 1.0;
				PRODUCT_BUNDLE_IDENTIFIER = com.slemeshaev.PersonalityQuiz;
				PRODUCT_NAME = "$(TARGET_NAME)";
				SWIFT_EMIT_LOC_STRINGS = YES;
				SWIFT_VERSION = 5.0;
				TARGETED_DEVICE_FAMILY = 1;
			};
			name = Release;
		};
/* End XCBuildConfiguration section */

/* Begin XCConfigurationList section */
		66629E25279DDC4B00A180AD /* Build configuration list for PBXProject "PersonalityQuiz" */ = {
			isa = XCConfigurationList;
			buildConfigurations = (
				66629E3C279DDC4D00A180AD /* Debug */,
				66629E3D279DDC4D00A180AD /* Release */,
			);
			defaultConfigurationIsVisible = 0;
			defaultConfigurationName = Release;
		};
		66629E3E279DDC4D00A180AD /* Build configuration list for PBXNativeTarget "PersonalityQuiz" */ = {
			isa = XCConfigurationList;
			buildConfigurations = (
				66629E3F279DDC4D00A180AD /* Debug */,
				66629E40279DDC4D00A180AD /* Release */,
			);
			defaultConfigurationIsVisible = 0;
			defaultConfigurationName = Release;
		};
/* End XCConfigurationList section */
	};
	rootObject = 66629E22279DDC4B00A180AD /* Project object */;
}
